
Microsoft Visual Studio Solution File, Format Version 12.00
# Visual Studio 15
VisualStudioVersion = 15.0.26430.15
MinimumVisualStudioVersion = 10.0.40219.1
Project("{FAE04EC0-301F-11D3-BF4B-00C04F79EFBC}") = "XMLParser", "XMLParser\XMLParser.csproj", "{D96B041B-302D-4254-95E6-F24F621F115A}"
EndProject
Project("{FAE04EC0-301F-11D3-BF4B-00C04F79EFBC}") = "XMLTester", "XMLTester\XMLTester.csproj", "{3E80064D-190C-4897-B733-918EDD6BCC9E}"
EndProject
Project("{FAE04EC0-301F-11D3-BF4B-00C04F79EFBC}") = "Aggregator App", "Aggregator App\Aggregator App.csproj", "{CAAD85B0-EB55-4B5F-98ED-12AD69C3FE94}"
EndProject
Global
	GlobalSection(SolutionConfigurationPlatforms) = preSolution
		Debug|Any CPU = Debug|Any CPU
		Release|Any CPU = Release|Any CPU
	EndGlobalSection
	GlobalSection(ProjectConfigurationPlatforms) = postSolution
		{D96B041B-302D-4254-95E6-F24F621F115A}.Debug|Any CPU.ActiveCfg = Debug|Any CPU
		{D96B041B-302D-4254-95E6-F24F621F115A}.Debug|Any CPU.Build.0 = Debug|Any CPU
		{D96B041B-302D-4254-95E6-F24F621F115A}.Release|Any CPU.ActiveCfg = Release|Any CPU
		{D96B041B-302D-4254-95E6-F24F621F115A}.Release|Any CPU.Build.0 = Release|Any CPU
		{3E80064D-190C-4897-B733-918EDD6BCC9E}.Debug|Any CPU.ActiveCfg = Debug|Any CPU
		{3E80064D-190C-4897-B733-918EDD6BCC9E}.Debug|Any CPU.Build.0 = Debug|Any CPU
		{3E80064D-190C-4897-B733-918EDD6BCC9E}.Release|Any CPU.ActiveCfg = Release|Any CPU
		{3E80064D-190C-4897-B733-918EDD6BCC9E}.Release|Any CPU.Build.0 = Release|Any CPU
		{CAAD85B0-EB55-4B5F-98ED-12AD69C3FE94}.Debug|Any CPU.ActiveCfg = Debug|Any CPU
		{CAAD85B0-EB55-4B5F-98ED-12AD69C3FE94}.Debug|Any CPU.Build.0 = Debug|Any CPU
		{CAAD85B0-EB55-4B5F-98ED-12AD69C3FE94}.Release|Any CPU.ActiveCfg = Release|Any CPU
		{CAAD85B0-EB55-4B5F-98ED-12AD69C3FE94}.Release|Any CPU.Build.0 = Release|Any CPU
	EndGlobalSection
	GlobalSection(SolutionProperties) = preSolution
		HideSolutionNode = FALSE
	EndGlobalSection
EndGlobal
